
Microsoft Visual Studio Solution File, Format Version 12.00
# Visual Studio Version 16
VisualStudioVersion = 16.0.30320.27
MinimumVisualStudioVersion = 10.0.40219.1
Project("{FAE04EC0-301F-11D3-BF4B-00C04F79EFBC}") = "NBD-TractionFive", "NBD-TractionFive.csproj", "{E55D2519-8AD2-4302-BDB8-0180C57510EF}"
EndProject
Global
	GlobalSection(SolutionConfigurationPlatforms) = preSolution
		Debug|Any CPU = Debug|Any CPU
		Release|Any CPU = Release|Any CPU
	EndGlobalSection
	GlobalSection(ProjectConfigurationPlatforms) = postSolution
		{E55D2519-8AD2-4302-BDB8-0180C57510EF}.Debug|Any CPU.ActiveCfg = Debug|Any CPU
		{E55D2519-8AD2-4302-BDB8-0180C57510EF}.Debug|Any CPU.Build.0 = Debug|Any CPU
		{E55D2519-8AD2-4302-BDB8-0180C57510EF}.Release|Any CPU.ActiveCfg = Release|Any CPU
		{E55D2519-8AD2-4302-BDB8-0180C57510EF}.Release|Any CPU.Build.0 = Release|Any CPU
	EndGlobalSection
	GlobalSection(SolutionProperties) = preSolution
		HideSolutionNode = FALSE
	EndGlobalSection
	GlobalSection(ExtensibilityGlobals) = postSolution
		SolutionGuid = {D7696D82-2F62-4DF8-8850-DC3C21CB0CC0}
	EndGlobalSection
EndGlobal
